
Microsoft Visual Studio Solution File, Format Version 12.00
# Visual Studio Version 17
VisualStudioVersion = 17.4.33213.308
MinimumVisualStudioVersion = 10.0.40219.1
Project("{9A19103F-16F7-4668-BE54-9A1E7A4F7556}") = "eCommerceSite", "eCommerceSite\eCommerceSite.csproj", "{2B49833F-5EED-4C59-B5F6-58B37AFAC2FA}"
EndProject
Global
	GlobalSection(SolutionConfigurationPlatforms) = preSolution
		Debug|Any CPU = Debug|Any CPU
		Release|Any CPU = Release|Any CPU
	EndGlobalSection
	GlobalSection(ProjectConfigurationPlatforms) = postSolution
		{2B49833F-5EED-4C59-B5F6-58B37AFAC2FA}.Debug|Any CPU.ActiveCfg = Debug|Any CPU
		{2B49833F-5EED-4C59-B5F6-58B37AFAC2FA}.Debug|Any CPU.Build.0 = Debug|Any CPU
		{2B49833F-5EED-4C59-B5F6-58B37AFAC2FA}.Release|Any CPU.ActiveCfg = Release|Any CPU
		{2B49833F-5EED-4C59-B5F6-58B37AFAC2FA}.Release|Any CPU.Build.0 = Release|Any CPU
	EndGlobalSection
	GlobalSection(SolutionProperties) = preSolution
		HideSolutionNode = FALSE
	EndGlobalSection
	GlobalSection(ExtensibilityGlobals) = postSolution
		SolutionGuid = {FE3DA8F2-4833-4905-9DE2-85C73AE705B1}
	EndGlobalSection
EndGlobal
